// !$*UTF8*$!
{
	archiveVersion = 1;
	classes = {
	};
	objectVersion = 46;
	objects = {

/* Begin PBXBuildFile section */
		17123B2B1EB41D7E00C0C621 /* main.m in Sources */ = {isa = PBXBuildFile; fileRef = 17123B2A1EB41D7E00C0C621 /* main.m */; };
		17123B2E1EB41D7E00C0C621 /* AppDelegate.m in Sources */ = {isa = PBXBuildFile; fileRef = 17123B2D1EB41D7E00C0C621 /* AppDelegate.m */; };
		17123B341EB41D7E00C0C621 /* Main.storyboard in Resources */ = {isa = PBXBuildFile; fileRef = 17123B321EB41D7E00C0C621 /* Main.storyboard */; };
		17123B361EB41D7E00C0C621 /* Assets.xcassets in Resources */ = {isa = PBXBuildFile; fileRef = 17123B351EB41D7E00C0C621 /* Assets.xcassets */; };
		17123B391EB41D7E00C0C621 /* LaunchScreen.storyboard in Resources */ = {isa = PBXBuildFile; fileRef = 17123B371EB41D7E00C0C621 /* LaunchScreen.storyboard */; };
		17123B441EB41D7E00C0C621 /* Ultra_Universal_RemoteTests.m in Sources */ = {isa = PBXBuildFile; fileRef = 17123B431EB41D7E00C0C621 /* Ultra_Universal_RemoteTests.m */; };
		17123B4F1EB41D7E00C0C621 /* Ultra_Universal_RemoteUITests.m in Sources */ = {isa = PBXBuildFile; fileRef = 17123B4E1EB41D7E00C0C621 /* Ultra_Universal_RemoteUITests.m */; };
		17123B5E1EB41DF700C0C621 /* CoreBluetooth.framework in Frameworks */ = {isa = PBXBuildFile; fileRef = 17123B5D1EB41DF700C0C621 /* CoreBluetooth.framework */; };
		17123B611EB425C400C0C621 /* devicesTableView.m in Sources */ = {isa = PBXBuildFile; fileRef = 17123B601EB425C400C0C621 /* devicesTableView.m */; };
		17123B641EB4379200C0C621 /* deviceRemote.m in Sources */ = {isa = PBXBuildFile; fileRef = 17123B631EB4379200C0C621 /* deviceRemote.m */; };
/* End PBXBuildFile section */

/* Begin PBXContainerItemProxy section */
		17123B401EB41D7E00C0C621 /* PBXContainerItemProxy */ = {
			isa = PBXContainerItemProxy;
			containerPortal = 17123B1E1EB41D7E00C0C621 /* Project object */;
			proxyType = 1;
			remoteGlobalIDString = 17123B251EB41D7E00C0C621;
			remoteInfo = "Ultra Universal Remote";
		};
		17123B4B1EB41D7E00C0C621 /* PBXContainerItemProxy */ = {
			isa = PBXContainerItemProxy;
			containerPortal = 17123B1E1EB41D7E00C0C621 /* Project object */;
			proxyType = 1;
			remoteGlobalIDString = 17123B251EB41D7E00C0C621;
			remoteInfo = "Ultra Universal Remote";
		};
/* End PBXContainerItemProxy section */

/* Begin PBXFileReference section */
		17123B261EB41D7E00C0C621 /* Ultra Universal Remote.app */ = {isa = PBXFileReference; explicitFileType = wrapper.application; includeInIndex = 0; path = "Ultra Universal Remote.app"; sourceTree = BUILT_PRODUCTS_DIR; };
		17123B2A1EB41D7E00C0C621 /* main.m */ = {isa = PBXFileReference; lastKnownFileType = sourcecode.c.objc; path = main.m; sourceTree = "<group>"; };
		17123B2C1EB41D7E00C0C621 /* AppDelegate.h */ = {isa = PBXFileReference; lastKnownFileType = sourcecode.c.h; path = AppDelegate.h; sourceTree = "<group>"; };
		17123B2D1EB41D7E00C0C621 /* AppDelegate.m */ = {isa = PBXFileReference; lastKnownFileType = sourcecode.c.objc; path = AppDelegate.m; sourceTree = "<group>"; };
		17123B331EB41D7E00C0C621 /* Base */ = {isa = PBXFileReference; lastKnownFileType = file.storyboard; name = Base; path = Base.lproj/Main.storyboard; sourceTree = "<group>"; };
		17123B351EB41D7E00C0C621 /* Assets.xcassets */ = {isa = PBXFileReference; lastKnownFileType = folder.assetcatalog; path = Assets.xcassets; sourceTree = "<group>"; };
		17123B381EB41D7E00C0C621 /* Base */ = {isa = PBXFileReference; lastKnownFileType = file.storyboard; name = Base; path = Base.lproj/LaunchScreen.storyboard; sourceTree = "<group>"; };
		17123B3A1EB41D7E00C0C621 /* Info.plist */ = {isa = PBXFileReference; lastKnownFileType = text.plist.xml; path = Info.plist; sourceTree = "<group>"; };
		17123B3F1EB41D7E00C0C621 /* Ultra Universal RemoteTests.xctest */ = {isa = PBXFileReference; explicitFileType = wrapper.cfbundle; includeInIndex = 0; path = "Ultra Universal RemoteTests.xctest"; sourceTree = BUILT_PRODUCTS_DIR; };
		17123B431EB41D7E00C0C621 /* Ultra_Universal_RemoteTests.m */ = {isa = PBXFileReference; lastKnownFileType = sourcecode.c.objc; path = Ultra_Universal_RemoteTests.m; sourceTree = "<group>"; };
		17123B451EB41D7E00C0C621 /* Info.plist */ = {isa = PBXFileReference; lastKnownFileType = text.plist.xml; path = Info.plist; sourceTree = "<group>"; };
		17123B4A1EB41D7E00C0C621 /* Ultra Universal RemoteUITests.xctest */ = {isa = PBXFileReference; explicitFileType = wrapper.cfbundle; includeInIndex = 0; path = "Ultra Universal RemoteUITests.xctest"; sourceTree = BUILT_PRODUCTS_DIR; };
		17123B4E1EB41D7E00C0C621 /* Ultra_Universal_RemoteUITests.m */ = {isa = PBXFileReference; lastKnownFileType = sourcecode.c.objc; path = Ultra_Universal_RemoteUITests.m; sourceTree = "<group>"; };
		17123B501EB41D7E00C0C621 /* Info.plist */ = {isa = PBXFileReference; lastKnownFileType = text.plist.xml; path = Info.plist; sourceTree = "<group>"; };
		17123B5D1EB41DF700C0C621 /* CoreBluetooth.framework */ = {isa = PBXFileReference; lastKnownFileType = wrapper.framework; name = CoreBluetooth.framework; path = System/Library/Frameworks/CoreBluetooth.framework; sourceTree = SDKROOT; };
		17123B5F1EB425C400C0C621 /* devicesTableView.h */ = {isa = PBXFileReference; fileEncoding = 4; lastKnownFileType = sourcecode.c.h; path = devicesTableView.h; sourceTree = "<group>"; };
		17123B601EB425C400C0C621 /* devicesTableView.m */ = {isa = PBXFileReference; fileEncoding = 4; lastKnownFileType = sourcecode.c.objc; path = devicesTableView.m; sourceTree = "<group>"; };
		17123B621EB4379200C0C621 /* deviceRemote.h */ = {isa = PBXFileReference; fileEncoding = 4; lastKnownFileType = sourcecode.c.h; path = deviceRemote.h; sourceTree = "<group>"; };
		17123B631EB4379200C0C621 /* deviceRemote.m */ = {isa = PBXFileReference; fileEncoding = 4; lastKnownFileType = sourcecode.c.objc; path = deviceRemote.m; sourceTree = "<group>"; };
/* End PBXFileReference section */

/* Begin PBXFrameworksBuildPhase section */
		17123B231EB41D7E00C0C621 /* Frameworks */ = {
			isa = PBXFrameworksBuildPhase;
			buildActionMask = 2147483647;
			files = (
				17123B5E1EB41DF700C0C621 /* CoreBluetooth.framework in Frameworks */,
			);
			runOnlyForDeploymentPostprocessing = 0;
		};
		17123B3C1EB41D7E00C0C621 /* Frameworks */ = {
			isa = PBXFrameworksBuildPhase;
			buildActionMask = 2147483647;
			files = (
			);
			runOnlyForDeploymentPostprocessing = 0;
		};
		17123B471EB41D7E00C0C621 /* Frameworks */ = {
			isa = PBXFrameworksBuildPhase;
			buildActionMask = 2147483647;
			files = (
			);
			runOnlyForDeploymentPostprocessing = 0;
		};
/* End PBXFrameworksBuildPhase section */

/* Begin PBXGroup section */
		17123B1D1EB41D7D00C0C621 = {
			isa = PBXGroup;
			children = (
				17123B281EB41D7E00C0C621 /* Ultra Universal Remote */,
				17123B421EB41D7E00C0C621 /* Ultra Universal RemoteTests */,
				17123B4D1EB41D7E00C0C621 /* Ultra Universal RemoteUITests */,
				17123B271EB41D7E00C0C621 /* Products */,
				17123B5C1EB41DF700C0C621 /* Frameworks */,
			);
			sourceTree = "<group>";
		};
		17123B271EB41D7E00C0C621 /* Products */ = {
			isa = PBXGroup;
			children = (
				17123B261EB41D7E00C0C621 /* Ultra Universal Remote.app */,
				17123B3F1EB41D7E00C0C621 /* Ultra Universal RemoteTests.xctest */,
				17123B4A1EB41D7E00C0C621 /* Ultra Universal RemoteUITests.xctest */,
			);
			name = Products;
			sourceTree = "<group>";
		};
		17123B281EB41D7E00C0C621 /* Ultra Universal Remote */ = {
			isa = PBXGroup;
			children = (
				17123B2C1EB41D7E00C0C621 /* AppDelegate.h */,
				17123B2D1EB41D7E00C0C621 /* AppDelegate.m */,
				17123B321EB41D7E00C0C621 /* Main.storyboard */,
				17123B5F1EB425C400C0C621 /* devicesTableView.h */,
				17123B621EB4379200C0C621 /* deviceRemote.h */,
				17123B631EB4379200C0C621 /* deviceRemote.m */,
				17123B601EB425C400C0C621 /* devicesTableView.m */,
				17123B351EB41D7E00C0C621 /* Assets.xcassets */,
				17123B371EB41D7E00C0C621 /* LaunchScreen.storyboard */,
				17123B3A1EB41D7E00C0C621 /* Info.plist */,
				17123B291EB41D7E00C0C621 /* Supporting Files */,
			);
			path = "Ultra Universal Remote";
			sourceTree = "<group>";
		};
		17123B291EB41D7E00C0C621 /* Supporting Files */ = {
			isa = PBXGroup;
			children = (
				17123B2A1EB41D7E00C0C621 /* main.m */,
			);
			name = "Supporting Files";
			sourceTree = "<group>";
		};
		17123B421EB41D7E00C0C621 /* Ultra Universal RemoteTests */ = {
			isa = PBXGroup;
			children = (
				17123B431EB41D7E00C0C621 /* Ultra_Universal_RemoteTests.m */,
				17123B451EB41D7E00C0C621 /* Info.plist */,
			);
			path = "Ultra Universal RemoteTests";
			sourceTree = "<group>";
		};
		17123B4D1EB41D7E00C0C621 /* Ultra Universal RemoteUITests */ = {
			isa = PBXGroup;
			children = (
				17123B4E1EB41D7E00C0C621 /* Ultra_Universal_RemoteUITests.m */,
				17123B501EB41D7E00C0C621 /* Info.plist */,
			);
			path = "Ultra Universal RemoteUITests";
			sourceTree = "<group>";
		};
		17123B5C1EB41DF700C0C621 /* Frameworks */ = {
			isa = PBXGroup;
			children = (
				17123B5D1EB41DF700C0C621 /* CoreBluetooth.framework */,
			);
			name = Frameworks;
			sourceTree = "<group>";
		};
/* End PBXGroup section */

/* Begin PBXNativeTarget section */
		17123B251EB41D7E00C0C621 /* Ultra Universal Remote */ = {
			isa = PBXNativeTarget;
			buildConfigurationList = 17123B531EB41D7E00C0C621 /* Build configuration list for PBXNativeTarget "Ultra Universal Remote" */;
			buildPhases = (
				17123B221EB41D7E00C0C621 /* Sources */,
				17123B231EB41D7E00C0C621 /* Frameworks */,
				17123B241EB41D7E00C0C621 /* Resources */,
			);
			buildRules = (
			);
			dependencies = (
			);
			name = "Ultra Universal Remote";
			productName = "Ultra Universal Remote";
			productReference = 17123B261EB41D7E00C0C621 /* Ultra Universal Remote.app */;
			productType = "com.apple.product-type.application";
		};
		17123B3E1EB41D7E00C0C621 /* Ultra Universal RemoteTests */ = {
			isa = PBXNativeTarget;
			buildConfigurationList = 17123B561EB41D7E00C0C621 /* Build configuration list for PBXNativeTarget "Ultra Universal RemoteTests" */;
			buildPhases = (
				17123B3B1EB41D7E00C0C621 /* Sources */,
				17123B3C1EB41D7E00C0C621 /* Frameworks */,
				17123B3D1EB41D7E00C0C621 /* Resources */,
			);
			buildRules = (
			);
			dependencies = (
				17123B411EB41D7E00C0C621 /* PBXTargetDependency */,
			);
			name = "Ultra Universal RemoteTests";
			productName = "Ultra Universal RemoteTests";
			productReference = 17123B3F1EB41D7E00C0C621 /* Ultra Universal RemoteTests.xctest */;
			productType = "com.apple.product-type.bundle.unit-test";
		};
		17123B491EB41D7E00C0C621 /* Ultra Universal RemoteUITests */ = {
			isa = PBXNativeTarget;
			buildConfigurationList = 17123B591EB41D7E00C0C621 /* Build configuration list for PBXNativeTarget "Ultra Universal RemoteUITests" */;
			buildPhases = (
				17123B461EB41D7E00C0C621 /* Sources */,
				17123B471EB41D7E00C0C621 /* Frameworks */,
				17123B481EB41D7E00C0C621 /* Resources */,
			);
			buildRules = (
			);
			dependencies = (
				17123B4C1EB41D7E00C0C621 /* PBXTargetDependency */,
			);
			name = "Ultra Universal RemoteUITests";
			productName = "Ultra Universal RemoteUITests";
			productReference = 17123B4A1EB41D7E00C0C621 /* Ultra Universal RemoteUITests.xctest */;
			productType = "com.apple.product-type.bundle.ui-testing";
		};
/* End PBXNativeTarget section */

/* Begin PBXProject section */
		17123B1E1EB41D7E00C0C621 /* Project object */ = {
			isa = PBXProject;
			attributes = {
				LastUpgradeCheck = 0820;
				ORGANIZATIONNAME = "Danky Doodle";
				TargetAttributes = {
					17123B251EB41D7E00C0C621 = {
						CreatedOnToolsVersion = 8.2.1;
						DevelopmentTeam = RN7R2KXWS4;
						ProvisioningStyle = Automatic;
					};
					17123B3E1EB41D7E00C0C621 = {
						CreatedOnToolsVersion = 8.2.1;
						DevelopmentTeam = RN7R2KXWS4;
						ProvisioningStyle = Automatic;
						TestTargetID = 17123B251EB41D7E00C0C621;
					};
					17123B491EB41D7E00C0C621 = {
						CreatedOnToolsVersion = 8.2.1;
						DevelopmentTeam = RN7R2KXWS4;
						ProvisioningStyle = Automatic;
						TestTargetID = 17123B251EB41D7E00C0C621;
					};
				};
			};
			buildConfigurationList = 17123B211EB41D7E00C0C621 /* Build configuration list for PBXProject "Ultra Universal Remote" */;
			compatibilityVersion = "Xcode 3.2";
			developmentRegion = English;
			hasScannedForEncodings = 0;
			knownRegions = (
				en,
				Base,
			);
			mainGroup = 17123B1D1EB41D7D00C0C621;
			productRefGroup = 17123B271EB41D7E00C0C621 /* Products */;
			projectDirPath = "";
			projectRoot = "";
			targets = (
				17123B251EB41D7E00C0C621 /* Ultra Universal Remote */,
				17123B3E1EB41D7E00C0C621 /* Ultra Universal RemoteTests */,
				17123B491EB41D7E00C0C621 /* Ultra Universal RemoteUITests */,
			);
		};
/* End PBXProject section */

/* Begin PBXResourcesBuildPhase section */
		17123B241EB41D7E00C0C621 /* Resources */ = {
			isa = PBXResourcesBuildPhase;
			buildActionMask = 2147483647;
			files = (
				17123B391EB41D7E00C0C621 /* LaunchScreen.storyboard in Resources */,
				17123B361EB41D7E00C0C621 /* Assets.xcassets in Resources */,
				17123B341EB41D7E00C0C621 /* Main.storyboard in Resources */,
			);
			runOnlyForDeploymentPostprocessing = 0;
		};
		17123B3D1EB41D7E00C0C621 /* Resources */ = {
			isa = PBXResourcesBuildPhase;
			buildActionMask = 2147483647;
			files = (
			);
			runOnlyForDeploymentPostprocessing = 0;
		};
		17123B481EB41D7E00C0C621 /* Resources */ = {
			isa = PBXResourcesBuildPhase;
			buildActionMask = 2147483647;
			files = (
			);
			runOnlyForDeploymentPostprocessing = 0;
		};
/* End PBXResourcesBuildPhase section */

/* Begin PBXSourcesBuildPhase section */
		17123B221EB41D7E00C0C621 /* Sources */ = {
			isa = PBXSourcesBuildPhase;
			buildActionMask = 2147483647;
			files = (
				17123B2E1EB41D7E00C0C621 /* AppDelegate.m in Sources */,
				17123B641EB4379200C0C621 /* deviceRemote.m in Sources */,
				17123B2B1EB41D7E00C0C621 /* main.m in Sources */,
				17123B611EB425C400C0C621 /* devicesTableView.m in Sources */,
			);
			runOnlyForDeploymentPostprocessing = 0;
		};
		17123B3B1EB41D7E00C0C621 /* Sources */ = {
			isa = PBXSourcesBuildPhase;
			buildActionMask = 2147483647;
			files = (
				17123B441EB41D7E00C0C621 /* Ultra_Universal_RemoteTests.m in Sources */,
			);
			runOnlyForDeploymentPostprocessing = 0;
		};
		17123B461EB41D7E00C0C621 /* Sources */ = {
			isa = PBXSourcesBuildPhase;
			buildActionMask = 2147483647;
			files = (
				17123B4F1EB41D7E00C0C621 /* Ultra_Universal_RemoteUITests.m in Sources */,
			);
			runOnlyForDeploymentPostprocessing = 0;
		};
/* End PBXSourcesBuildPhase section */

/* Begin PBXTargetDependency section */
		17123B411EB41D7E00C0C621 /* PBXTargetDependency */ = {
			isa = PBXTargetDependency;
			target = 17123B251EB41D7E00C0C621 /* Ultra Universal Remote */;
			targetProxy = 17123B401EB41D7E00C0C621 /* PBXContainerItemProxy */;
		};
		17123B4C1EB41D7E00C0C621 /* PBXTargetDependency */ = {
			isa = PBXTargetDependency;
			target = 17123B251EB41D7E00C0C621 /* Ultra Universal Remote */;
			targetProxy = 17123B4B1EB41D7E00C0C621 /* PBXContainerItemProxy */;
		};
/* End PBXTargetDependency section */

/* Begin PBXVariantGroup section */
		17123B321EB41D7E00C0C621 /* Main.storyboard */ = {
			isa = PBXVariantGroup;
			children = (
				17123B331EB41D7E00C0C621 /* Base */,
			);
			name = Main.storyboard;
			sourceTree = "<group>";
		};
		17123B371EB41D7E00C0C621 /* LaunchScreen.storyboard */ = {
			isa = PBXVariantGroup;
			children = (
				17123B381EB41D7E00C0C621 /* Base */,
			);
			name = LaunchScreen.storyboard;
			sourceTree = "<group>";
		};
/* End PBXVariantGroup section */

/* Begin XCBuildConfiguration section */
		17123B511EB41D7E00C0C621 /* Debug */ = {
			isa = XCBuildConfiguration;
			buildSettings = {
				ALWAYS_SEARCH_USER_PATHS = NO;
				CLANG_ANALYZER_NONNULL = YES;
				CLANG_CXX_LANGUAGE_STANDARD = "gnu++0x";
				CLANG_CXX_LIBRARY = "libc++";
				CLANG_ENABLE_MODULES = YES;
				CLANG_ENABLE_OBJC_ARC = YES;
				CLANG_WARN_BOOL_CONVERSION = YES;
				CLANG_WARN_CONSTANT_CONVERSION = YES;
				CLANG_WARN_DIRECT_OBJC_ISA_USAGE = YES_ERROR;
				CLANG_WARN_DOCUMENTATION_COMMENTS = YES;
				CLANG_WARN_EMPTY_BODY = YES;
				CLANG_WARN_ENUM_CONVERSION = YES;
				CLANG_WARN_INFINITE_RECURSION = YES;
				CLANG_WARN_INT_CONVERSION = YES;
				CLANG_WARN_OBJC_ROOT_CLASS = YES_ERROR;
				CLANG_WARN_SUSPICIOUS_MOVE = YES;
				CLANG_WARN_UNREACHABLE_CODE = YES;
				CLANG_WARN__DUPLICATE_METHOD_MATCH = YES;
				"CODE_SIGN_IDENTITY[sdk=iphoneos*]" = "iPhone Developer";
				COPY_PHASE_STRIP = NO;
				DEBUG_INFORMATION_FORMAT = dwarf;
				ENABLE_STRICT_OBJC_MSGSEND = YES;
				ENABLE_TESTABILITY = YES;
				GCC_C_LANGUAGE_STANDARD = gnu99;
				GCC_DYNAMIC_NO_PIC = NO;
				GCC_NO_COMMON_BLOCKS = YES;
				GCC_OPTIMIZATION_LEVEL = 0;
				GCC_PREPROCESSOR_DEFINITIONS = (
					"DEBUG=1",
					"$(inherited)",
				);
				GCC_WARN_64_TO_32_BIT_CONVERSION = YES;
				GCC_WARN_ABOUT_RETURN_TYPE = YES_ERROR;
				GCC_WARN_UNDECLARED_SELECTOR = YES;
				GCC_WARN_UNINITIALIZED_AUTOS = YES_AGGRESSIVE;
				GCC_WARN_UNUSED_FUNCTION = YES;
				GCC_WARN_UNUSED_VARIABLE = YES;
				IPHONEOS_DEPLOYMENT_TARGET = 10.2;
				MTL_ENABLE_DEBUG_INFO = YES;
				ONLY_ACTIVE_ARCH = YES;
				SDKROOT = iphoneos;
			};
			name = Debug;
		};
		17123B521EB41D7E00C0C621 /* Release */ = {
			isa = XCBuildConfiguration;
			buildSettings = {
				ALWAYS_SEARCH_USER_PATHS = NO;
				CLANG_ANALYZER_NONNULL = YES;
				CLANG_CXX_LANGUAGE_STANDARD = "gnu++0x";
				CLANG_CXX_LIBRARY = "libc++";
				CLANG_ENABLE_MODULES = YES;
				CLANG_ENABLE_OBJC_ARC = YES;
				CLANG_WARN_BOOL_CONVERSION = YES;
				CLANG_WARN_CONSTANT_CONVERSION = YES;
				CLANG_WARN_DIRECT_OBJC_ISA_USAGE = YES_ERROR;
				CLANG_WARN_DOCUMENTATION_COMMENTS = YES;
				CLANG_WARN_EMPTY_BODY = YES;
				CLANG_WARN_ENUM_CONVERSION = YES;
				CLANG_WARN_INFINITE_RECURSION = YES;
				CLANG_WARN_INT_CONVERSION = YES;
				CLANG_WARN_OBJC_ROOT_CLASS = YES_ERROR;
				CLANG_WARN_SUSPICIOUS_MOVE = YES;
				CLANG_WARN_UNREACHABLE_CODE = YES;
				CLANG_WARN__DUPLICATE_METHOD_MATCH = YES;
				"CODE_SIGN_IDENTITY[sdk=iphoneos*]" = "iPhone Developer";
				COPY_PHASE_STRIP = NO;
				DEBUG_INFORMATION_FORMAT = "dwarf-with-dsym";
				ENABLE_NS_ASSERTIONS = NO;
				ENABLE_STRICT_OBJC_MSGSEND = YES;
				GCC_C_LANGUAGE_STANDARD = gnu99;
				GCC_NO_COMMON_BLOCKS = YES;
				GCC_WARN_64_TO_32_BIT_CONVERSION = YES;
				GCC_WARN_ABOUT_RETURN_TYPE = YES_ERROR;
				GCC_WARN_UNDECLARED_SELECTOR = YES;
				GCC_WARN_UNINITIALIZED_AUTOS = YES_AGGRESSIVE;
				GCC_WARN_UNUSED_FUNCTION = YES;
				GCC_WARN_UNUSED_VARIABLE = YES;
				IPHONEOS_DEPLOYMENT_TARGET = 10.2;
				MTL_ENABLE_DEBUG_INFO = NO;
				SDKROOT = iphoneos;
				VALIDATE_PRODUCT = YES;
			};
			name = Release;
		};
		17123B541EB41D7E00C0C621 /* Debug */ = {
			isa = XCBuildConfiguration;
			buildSettings = {
				ASSETCATALOG_COMPILER_APPICON_NAME = AppIcon;
				DEVELOPMENT_TEAM = RN7R2KXWS4;
				INFOPLIST_FILE = "Ultra Universal Remote/Info.plist";
				LD_RUNPATH_SEARCH_PATHS = "$(inherited) @executable_path/Frameworks";
				PRODUCT_BUNDLE_IDENTIFIER = "self.edu.Ultra-Universal-Remote";
				PRODUCT_NAME = "$(TARGET_NAME)";
			};
			name = Debug;
		};
		17123B551EB41D7E00C0C621 /* Release */ = {
			isa = XCBuildConfiguration;
			buildSettings = {
				ASSETCATALOG_COMPILER_APPICON_NAME = AppIcon;
				DEVELOPMENT_TEAM = RN7R2KXWS4;
				INFOPLIST_FILE = "Ultra Universal Remote/Info.plist";
				LD_RUNPATH_SEARCH_PATHS = "$(inherited) @executable_path/Frameworks";
				PRODUCT_BUNDLE_IDENTIFIER = "self.edu.Ultra-Universal-Remote";
				PRODUCT_NAME = "$(TARGET_NAME)";
			};
			name = Release;
		};
		17123B571EB41D7E00C0C621 /* Debug */ = {
			isa = XCBuildConfiguration;
			buildSettings = {
				BUNDLE_LOADER = "$(TEST_HOST)";
				DEVELOPMENT_TEAM = RN7R2KXWS4;
				INFOPLIST_FILE = "Ultra Universal RemoteTests/Info.plist";
				LD_RUNPATH_SEARCH_PATHS = "$(inherited) @executable_path/Frameworks @loader_path/Frameworks";
				PRODUCT_BUNDLE_IDENTIFIER = "self.edu.Ultra-Universal-RemoteTests";
				PRODUCT_NAME = "$(TARGET_NAME)";
				TEST_HOST = "$(BUILT_PRODUCTS_DIR)/Ultra Universal Remote.app/Ultra Universal Remote";
			};
			name = Debug;
		};
		17123B581EB41D7E00C0C621 /* Release */ = {
			isa = XCBuildConfiguration;
			buildSettings = {
				BUNDLE_LOADER = "$(TEST_HOST)";
				DEVELOPMENT_TEAM = RN7R2KXWS4;
				INFOPLIST_FILE = "Ultra Universal RemoteTests/Info.plist";
				LD_RUNPATH_SEARCH_PATHS = "$(inherited) @executable_path/Frameworks @loader_path/Frameworks";
				PRODUCT_BUNDLE_IDENTIFIER = "self.edu.Ultra-Universal-RemoteTests";
				PRODUCT_NAME = "$(TARGET_NAME)";
				TEST_HOST = "$(BUILT_PRODUCTS_DIR)/Ultra Universal Remote.app/Ultra Universal Remote";
			};
			name = Release;
		};
		17123B5A1EB41D7E00C0C621 /* Debug */ = {
			isa = XCBuildConfiguration;
			buildSettings = {
				DEVELOPMENT_TEAM = RN7R2KXWS4;
				INFOPLIST_FILE = "Ultra Universal RemoteUITests/Info.plist";
				LD_RUNPATH_SEARCH_PATHS = "$(inherited) @executable_path/Frameworks @loader_path/Frameworks";
				PRODUCT_BUNDLE_IDENTIFIER = "self.edu.Ultra-Universal-RemoteUITests";
				PRODUCT_NAME = "$(TARGET_NAME)";
				TEST_TARGET_NAME = "Ultra Universal Remote";
			};
			name = Debug;
		};
		17123B5B1EB41D7E00C0C621 /* Release */ = {
			isa = XCBuildConfiguration;
			buildSettings = {
				DEVELOPMENT_TEAM = RN7R2KXWS4;
				INFOPLIST_FILE = "Ultra Universal RemoteUITests/Info.plist";
				LD_RUNPATH_SEARCH_PATHS = "$(inherited) @executable_path/Frameworks @loader_path/Frameworks";
				PRODUCT_BUNDLE_IDENTIFIER = "self.edu.Ultra-Universal-RemoteUITests";
				PRODUCT_NAME = "$(TARGET_NAME)";
				TEST_TARGET_NAME = "Ultra Universal Remote";
			};
			name = Release;
		};
/* End XCBuildConfiguration section */

/* Begin XCConfigurationList section */
		17123B211EB41D7E00C0C621 /* Build configuration list for PBXProject "Ultra Universal Remote" */ = {
			isa = XCConfigurationList;
			buildConfigurations = (
				17123B511EB41D7E00C0C621 /* Debug */,
				17123B521EB41D7E00C0C621 /* Release */,
			);
			defaultConfigurationIsVisible = 0;
			defaultConfigurationName = Release;
		};
		17123B531EB41D7E00C0C621 /* Build configuration list for PBXNativeTarget "Ultra Universal Remote" */ = {
			isa = XCConfigurationList;
			buildConfigurations = (
				17123B541EB41D7E00C0C621 /* Debug */,
				17123B551EB41D7E00C0C621 /* Release */,
			);
			defaultConfigurationIsVisible = 0;
		};
		17123B561EB41D7E00C0C621 /* Build configuration list for PBXNativeTarget "Ultra Universal RemoteTests" */ = {
			isa = XCConfigurationList;
			buildConfigurations = (
				17123B571EB41D7E00C0C621 /* Debug */,
				17123B581EB41D7E00C0C621 /* Release */,
			);
			defaultConfigurationIsVisible = 0;
		};
		17123B591EB41D7E00C0C621 /* Build configuration list for PBXNativeTarget "Ultra Universal RemoteUITests" */ = {
			isa = XCConfigurationList;
			buildConfigurations = (
				17123B5A1EB41D7E00C0C621 /* Debug */,
				17123B5B1EB41D7E00C0C621 /* Release */,
			);
			defaultConfigurationIsVisible = 0;
		};
/* End XCConfigurationList section */
	};
	rootObject = 17123B1E1EB41D7E00C0C621 /* Project object */;
}
