// !$*UTF8*$!
{
	archiveVersion = 1;
	classes = {
	};
	objectVersion = 46;
	objects = {

/* Begin PBXBuildFile section */
		17123B2B1EB41D7E00C0C621 /* main.m in Sources */ = {isa = PBXBuildFile; fileRef = 17123B2A1EB41D7E00C0C621 /* main.m */; };
		17123B2E1EB41D7E00C0C621 /* AppDelegate.m in Sources */ = {isa = PBXBuildFile; fileRef = 17123B2D1EB41D7E00C0C621 /* AppDelegate.m */; };
		17123B341EB41D7E00C0C621 /* Main.storyboard in Resources */ = {isa = PBXBuildFile; fileRef = 17123B321EB41D7E00C0C621 /* Main.storyboard */; };
		17123B361EB41D7E00C0C621 /* Assets.xcassets in Resources */ = {isa = PBXBuildFile; fileRef = 17123B351EB41D7E00C0C621 /* Assets.xcassets */; };
		17123B391EB41D7E00C0C621 /* LaunchScreen.storyboard in Resources */ = {isa = PBXBuildFile; fileRef = 17123B371EB41D7E00C0C621 /* LaunchScreen.storyboard */; };
		17123B441EB41D7E00C0C621 /* Ultra_Universal_RemoteTests.m in Sources */ = {isa = PBXBuildFile; fileRef = 17123B431EB41D7E00C0C621 /* Ultra_Universal_RemoteTests.m */; };
		17123B4F1EB41D7E00C0C621 /* Ultra_Universal_RemoteUITests.m in Sources */ = {isa = PBXBuildFile; fileRef = 17123B4E1EB41D7E00C0C621 /* Ultra_Universal_RemoteUITests.m */; };
		17123B5E1EB41DF700C0C621 /* CoreBluetooth.framework in Frameworks */ = {isa = PBXBuildFile; fileRef = 17123B5D1EB41DF700C0C621 /* CoreBluetooth.framework */; };
		17123B611EB425C400C0C621 /* devicesTableView.m in Sources */ = {isa = PBXBuildFile; fileRef = 17123B601EB425C400C0C621 /* devicesTableView.m */; };
		17123B641EB4379200C0C621 /* deviceRemote.m in Sources */ = {isa = PBXBuildFile; fileRef = 17123B631EB4379200C0C621 /* deviceRemote.m */; };
		17123B6C1EB5612900C0C621 /* codes.m in Sources */ = {isa = PBXBuildFile; fileRef = 17123B6B1EB5612900C0C621 /* codes.m */; };
		172C92BA1EBBF32500B948DB /* Assets.xcassets in Resources */ = {isa = PBXBuildFile; fileRef = 172C92B91EBBF32500B948DB /* Assets.xcassets */; };
		172C92C11EBBF32500B948DB /* Ultra Universal Remote Watch Extension.appex in Embed App Extensions */ = {isa = PBXBuildFile; fileRef = 172C92C01EBBF32500B948DB /* Ultra Universal Remote Watch Extension.appex */; settings = {ATTRIBUTES = (RemoveHeadersOnCopy, ); }; };
		172C92CC1EBBF32500B948DB /* ExtensionDelegate.m in Sources */ = {isa = PBXBuildFile; fileRef = 172C92CB1EBBF32500B948DB /* ExtensionDelegate.m */; };
		172C92CF1EBBF32500B948DB /* NotificationController.m in Sources */ = {isa = PBXBuildFile; fileRef = 172C92CE1EBBF32500B948DB /* NotificationController.m */; };
		172C92D11EBBF32500B948DB /* Assets.xcassets in Resources */ = {isa = PBXBuildFile; fileRef = 172C92D01EBBF32500B948DB /* Assets.xcassets */; };
		172C92D51EBBF32500B948DB /* Ultra Universal Remote Watch.app in Embed Watch Content */ = {isa = PBXBuildFile; fileRef = 172C92B41EBBF32500B948DB /* Ultra Universal Remote Watch.app */; };
		172C92E01EBBF46000B948DB /* devicesList.m in Sources */ = {isa = PBXBuildFile; fileRef = 172C92DF1EBBF46000B948DB /* devicesList.m */; };
		172C92E31EBC15D000B948DB /* devicesList.m in Sources */ = {isa = PBXBuildFile; fileRef = 172C92DF1EBBF46000B948DB /* devicesList.m */; };
		172C92EA1EBC191400B948DB /* Interface.storyboard in Resources */ = {isa = PBXBuildFile; fileRef = 172C92B61EBBF32500B948DB /* Interface.storyboard */; };
		179413851EBE1F3B00BE6F3B /* devicesRowController.m in Sources */ = {isa = PBXBuildFile; fileRef = 179413841EBE1F3B00BE6F3B /* devicesRowController.m */; };
		17DFB61D1EBEAAD100C5F7D0 /* remoteController.m in Sources */ = {isa = PBXBuildFile; fileRef = 17DFB61C1EBEAAD100C5F7D0 /* remoteController.m */; };
		17F8AB461EBC27DA005DFFEF /* Interface.storyboard in Resources */ = {isa = PBXBuildFile; fileRef = 172C92B61EBBF32500B948DB /* Interface.storyboard */; };
/* End PBXBuildFile section */

/* Begin PBXContainerItemProxy section */
		17123B401EB41D7E00C0C621 /* PBXContainerItemProxy */ = {
			isa = PBXContainerItemProxy;
			containerPortal = 17123B1E1EB41D7E00C0C621 /* Project object */;
			proxyType = 1;
			remoteGlobalIDString = 17123B251EB41D7E00C0C621;
			remoteInfo = "Ultra Universal Remote";
		};
		17123B4B1EB41D7E00C0C621 /* PBXContainerItemProxy */ = {
			isa = PBXContainerItemProxy;
			containerPortal = 17123B1E1EB41D7E00C0C621 /* Project object */;
			proxyType = 1;
			remoteGlobalIDString = 17123B251EB41D7E00C0C621;
			remoteInfo = "Ultra Universal Remote";
		};
		172C92C21EBBF32500B948DB /* PBXContainerItemProxy */ = {
			isa = PBXContainerItemProxy;
			containerPortal = 17123B1E1EB41D7E00C0C621 /* Project object */;
			proxyType = 1;
			remoteGlobalIDString = 172C92BF1EBBF32500B948DB;
			remoteInfo = "Ultra Universal Remote Watch Extension";
		};
		172C92D31EBBF32500B948DB /* PBXContainerItemProxy */ = {
			isa = PBXContainerItemProxy;
			containerPortal = 17123B1E1EB41D7E00C0C621 /* Project object */;
			proxyType = 1;
			remoteGlobalIDString = 172C92B31EBBF32500B948DB;
			remoteInfo = "Ultra Universal Remote Watch";
		};
/* End PBXContainerItemProxy section */

/* Begin PBXCopyFilesBuildPhase section */
		172C92DB1EBBF32500B948DB /* Embed App Extensions */ = {
			isa = PBXCopyFilesBuildPhase;
			buildActionMask = 2147483647;
			dstPath = "";
			dstSubfolderSpec = 13;
			files = (
				172C92C11EBBF32500B948DB /* Ultra Universal Remote Watch Extension.appex in Embed App Extensions */,
			);
			name = "Embed App Extensions";
			runOnlyForDeploymentPostprocessing = 0;
		};
		172C92DD1EBBF32500B948DB /* Embed Watch Content */ = {
			isa = PBXCopyFilesBuildPhase;
			buildActionMask = 2147483647;
			dstPath = "$(CONTENTS_FOLDER_PATH)/Watch";
			dstSubfolderSpec = 16;
			files = (
				172C92D51EBBF32500B948DB /* Ultra Universal Remote Watch.app in Embed Watch Content */,
			);
			name = "Embed Watch Content";
			runOnlyForDeploymentPostprocessing = 0;
		};
/* End PBXCopyFilesBuildPhase section */

/* Begin PBXFileReference section */
		17123B261EB41D7E00C0C621 /* Ultra Universal Remote.app */ = {isa = PBXFileReference; explicitFileType = wrapper.application; includeInIndex = 0; path = "Ultra Universal Remote.app"; sourceTree = BUILT_PRODUCTS_DIR; };
		17123B2A1EB41D7E00C0C621 /* main.m */ = {isa = PBXFileReference; lastKnownFileType = sourcecode.c.objc; path = main.m; sourceTree = "<group>"; };
		17123B2C1EB41D7E00C0C621 /* AppDelegate.h */ = {isa = PBXFileReference; lastKnownFileType = sourcecode.c.h; path = AppDelegate.h; sourceTree = "<group>"; };
		17123B2D1EB41D7E00C0C621 /* AppDelegate.m */ = {isa = PBXFileReference; lastKnownFileType = sourcecode.c.objc; path = AppDelegate.m; sourceTree = "<group>"; };
		17123B331EB41D7E00C0C621 /* Base */ = {isa = PBXFileReference; lastKnownFileType = file.storyboard; name = Base; path = Base.lproj/Main.storyboard; sourceTree = "<group>"; };
		17123B351EB41D7E00C0C621 /* Assets.xcassets */ = {isa = PBXFileReference; lastKnownFileType = folder.assetcatalog; path = Assets.xcassets; sourceTree = "<group>"; };
		17123B381EB41D7E00C0C621 /* Base */ = {isa = PBXFileReference; lastKnownFileType = file.storyboard; name = Base; path = Base.lproj/LaunchScreen.storyboard; sourceTree = "<group>"; };
		17123B3A1EB41D7E00C0C621 /* Info.plist */ = {isa = PBXFileReference; lastKnownFileType = text.plist.xml; path = Info.plist; sourceTree = "<group>"; };
		17123B3F1EB41D7E00C0C621 /* Ultra Universal RemoteTests.xctest */ = {isa = PBXFileReference; explicitFileType = wrapper.cfbundle; includeInIndex = 0; path = "Ultra Universal RemoteTests.xctest"; sourceTree = BUILT_PRODUCTS_DIR; };
		17123B431EB41D7E00C0C621 /* Ultra_Universal_RemoteTests.m */ = {isa = PBXFileReference; lastKnownFileType = sourcecode.c.objc; path = Ultra_Universal_RemoteTests.m; sourceTree = "<group>"; };
		17123B451EB41D7E00C0C621 /* Info.plist */ = {isa = PBXFileReference; lastKnownFileType = text.plist.xml; path = Info.plist; sourceTree = "<group>"; };
		17123B4A1EB41D7E00C0C621 /* Ultra Universal RemoteUITests.xctest */ = {isa = PBXFileReference; explicitFileType = wrapper.cfbundle; includeInIndex = 0; path = "Ultra Universal RemoteUITests.xctest"; sourceTree = BUILT_PRODUCTS_DIR; };
		17123B4E1EB41D7E00C0C621 /* Ultra_Universal_RemoteUITests.m */ = {isa = PBXFileReference; lastKnownFileType = sourcecode.c.objc; path = Ultra_Universal_RemoteUITests.m; sourceTree = "<group>"; };
		17123B501EB41D7E00C0C621 /* Info.plist */ = {isa = PBXFileReference; lastKnownFileType = text.plist.xml; path = Info.plist; sourceTree = "<group>"; };
		17123B5D1EB41DF700C0C621 /* CoreBluetooth.framework */ = {isa = PBXFileReference; lastKnownFileType = wrapper.framework; name = CoreBluetooth.framework; path = System/Library/Frameworks/CoreBluetooth.framework; sourceTree = SDKROOT; };
		17123B5F1EB425C400C0C621 /* devicesTableView.h */ = {isa = PBXFileReference; fileEncoding = 4; lastKnownFileType = sourcecode.c.h; path = devicesTableView.h; sourceTree = "<group>"; };
		17123B601EB425C400C0C621 /* devicesTableView.m */ = {isa = PBXFileReference; fileEncoding = 4; lastKnownFileType = sourcecode.c.objc; path = devicesTableView.m; sourceTree = "<group>"; };
		17123B621EB4379200C0C621 /* deviceRemote.h */ = {isa = PBXFileReference; fileEncoding = 4; lastKnownFileType = sourcecode.c.h; path = deviceRemote.h; sourceTree = "<group>"; };
		17123B631EB4379200C0C621 /* deviceRemote.m */ = {isa = PBXFileReference; fileEncoding = 4; lastKnownFileType = sourcecode.c.objc; path = deviceRemote.m; sourceTree = "<group>"; };
		17123B6A1EB5612900C0C621 /* codes.h */ = {isa = PBXFileReference; fileEncoding = 4; lastKnownFileType = sourcecode.c.h; path = codes.h; sourceTree = "<group>"; };
		17123B6B1EB5612900C0C621 /* codes.m */ = {isa = PBXFileReference; fileEncoding = 4; lastKnownFileType = sourcecode.c.objc; path = codes.m; sourceTree = "<group>"; };
		172C92B41EBBF32500B948DB /* Ultra Universal Remote Watch.app */ = {isa = PBXFileReference; explicitFileType = wrapper.application; includeInIndex = 0; path = "Ultra Universal Remote Watch.app"; sourceTree = BUILT_PRODUCTS_DIR; };
		172C92B71EBBF32500B948DB /* Base */ = {isa = PBXFileReference; lastKnownFileType = file.storyboard; name = Base; path = Base.lproj/Interface.storyboard; sourceTree = "<group>"; };
		172C92B91EBBF32500B948DB /* Assets.xcassets */ = {isa = PBXFileReference; lastKnownFileType = folder.assetcatalog; path = Assets.xcassets; sourceTree = "<group>"; };
		172C92BB1EBBF32500B948DB /* Info.plist */ = {isa = PBXFileReference; lastKnownFileType = text.plist.xml; path = Info.plist; sourceTree = "<group>"; };
		172C92C01EBBF32500B948DB /* Ultra Universal Remote Watch Extension.appex */ = {isa = PBXFileReference; explicitFileType = "wrapper.app-extension"; includeInIndex = 0; path = "Ultra Universal Remote Watch Extension.appex"; sourceTree = BUILT_PRODUCTS_DIR; };
		172C92C61EBBF32500B948DB /* PushNotificationPayload.apns */ = {isa = PBXFileReference; lastKnownFileType = text; path = PushNotificationPayload.apns; sourceTree = "<group>"; };
		172C92CA1EBBF32500B948DB /* ExtensionDelegate.h */ = {isa = PBXFileReference; lastKnownFileType = sourcecode.c.h; path = ExtensionDelegate.h; sourceTree = "<group>"; };
		172C92CB1EBBF32500B948DB /* ExtensionDelegate.m */ = {isa = PBXFileReference; lastKnownFileType = sourcecode.c.objc; path = ExtensionDelegate.m; sourceTree = "<group>"; };
		172C92CD1EBBF32500B948DB /* NotificationController.h */ = {isa = PBXFileReference; lastKnownFileType = sourcecode.c.h; path = NotificationController.h; sourceTree = "<group>"; };
		172C92CE1EBBF32500B948DB /* NotificationController.m */ = {isa = PBXFileReference; lastKnownFileType = sourcecode.c.objc; path = NotificationController.m; sourceTree = "<group>"; };
		172C92D01EBBF32500B948DB /* Assets.xcassets */ = {isa = PBXFileReference; lastKnownFileType = folder.assetcatalog; path = Assets.xcassets; sourceTree = "<group>"; };
		172C92D21EBBF32500B948DB /* Info.plist */ = {isa = PBXFileReference; lastKnownFileType = text.plist.xml; path = Info.plist; sourceTree = "<group>"; };
		172C92DE1EBBF46000B948DB /* devicesList.h */ = {isa = PBXFileReference; fileEncoding = 4; lastKnownFileType = sourcecode.c.h; name = devicesList.h; path = "../Ultra Universal Remote Watch/devicesList.h"; sourceTree = "<group>"; };
		172C92DF1EBBF46000B948DB /* devicesList.m */ = {isa = PBXFileReference; fileEncoding = 4; lastKnownFileType = sourcecode.c.objc; name = devicesList.m; path = "../Ultra Universal Remote Watch/devicesList.m"; sourceTree = "<group>"; };
		179413831EBE1F3B00BE6F3B /* devicesRowController.h */ = {isa = PBXFileReference; fileEncoding = 4; lastKnownFileType = sourcecode.c.h; path = devicesRowController.h; sourceTree = "<group>"; };
		179413841EBE1F3B00BE6F3B /* devicesRowController.m */ = {isa = PBXFileReference; fileEncoding = 4; lastKnownFileType = sourcecode.c.objc; path = devicesRowController.m; sourceTree = "<group>"; };
		17DFB61A1EBE2E2A00C5F7D0 /* Ultra Universal Remote Watch Extension.entitlements */ = {isa = PBXFileReference; lastKnownFileType = text.plist.entitlements; path = "Ultra Universal Remote Watch Extension.entitlements"; sourceTree = "<group>"; };
		17DFB61B1EBEAAD100C5F7D0 /* remoteController.h */ = {isa = PBXFileReference; fileEncoding = 4; lastKnownFileType = sourcecode.c.h; path = remoteController.h; sourceTree = "<group>"; };
		17DFB61C1EBEAAD100C5F7D0 /* remoteController.m */ = {isa = PBXFileReference; fileEncoding = 4; lastKnownFileType = sourcecode.c.objc; path = remoteController.m; sourceTree = "<group>"; };
		17F8AB441EBC214B005DFFEF /* Ultra Universal Remote.entitlements */ = {isa = PBXFileReference; lastKnownFileType = text.plist.entitlements; path = "Ultra Universal Remote.entitlements"; sourceTree = "<group>"; };
/* End PBXFileReference section */

/* Begin PBXFrameworksBuildPhase section */
		17123B231EB41D7E00C0C621 /* Frameworks */ = {
			isa = PBXFrameworksBuildPhase;
			buildActionMask = 2147483647;
			files = (
				17123B5E1EB41DF700C0C621 /* CoreBluetooth.framework in Frameworks */,
			);
			runOnlyForDeploymentPostprocessing = 0;
		};
		17123B3C1EB41D7E00C0C621 /* Frameworks */ = {
			isa = PBXFrameworksBuildPhase;
			buildActionMask = 2147483647;
			files = (
			);
			runOnlyForDeploymentPostprocessing = 0;
		};
		17123B471EB41D7E00C0C621 /* Frameworks */ = {
			isa = PBXFrameworksBuildPhase;
			buildActionMask = 2147483647;
			files = (
			);
			runOnlyForDeploymentPostprocessing = 0;
		};
		172C92BD1EBBF32500B948DB /* Frameworks */ = {
			isa = PBXFrameworksBuildPhase;
			buildActionMask = 2147483647;
			files = (
			);
			runOnlyForDeploymentPostprocessing = 0;
		};
/* End PBXFrameworksBuildPhase section */

/* Begin PBXGroup section */
		17123B1D1EB41D7D00C0C621 = {
			isa = PBXGroup;
			children = (
				17123B281EB41D7E00C0C621 /* Ultra Universal Remote */,
				17123B421EB41D7E00C0C621 /* Ultra Universal RemoteTests */,
				17123B4D1EB41D7E00C0C621 /* Ultra Universal RemoteUITests */,
				172C92B51EBBF32500B948DB /* Ultra Universal Remote Watch */,
				172C92C41EBBF32500B948DB /* Ultra Universal Remote Watch Extension */,
				17123B271EB41D7E00C0C621 /* Products */,
				17123B5C1EB41DF700C0C621 /* Frameworks */,
			);
			sourceTree = "<group>";
		};
		17123B271EB41D7E00C0C621 /* Products */ = {
			isa = PBXGroup;
			children = (
				17123B261EB41D7E00C0C621 /* Ultra Universal Remote.app */,
				17123B3F1EB41D7E00C0C621 /* Ultra Universal RemoteTests.xctest */,
				17123B4A1EB41D7E00C0C621 /* Ultra Universal RemoteUITests.xctest */,
				172C92B41EBBF32500B948DB /* Ultra Universal Remote Watch.app */,
				172C92C01EBBF32500B948DB /* Ultra Universal Remote Watch Extension.appex */,
			);
			name = Products;
			sourceTree = "<group>";
		};
		17123B281EB41D7E00C0C621 /* Ultra Universal Remote */ = {
			isa = PBXGroup;
			children = (
				17F8AB441EBC214B005DFFEF /* Ultra Universal Remote.entitlements */,
				17123B2C1EB41D7E00C0C621 /* AppDelegate.h */,
				17123B2D1EB41D7E00C0C621 /* AppDelegate.m */,
				17123B321EB41D7E00C0C621 /* Main.storyboard */,
				17123B5F1EB425C400C0C621 /* devicesTableView.h */,
				17123B601EB425C400C0C621 /* devicesTableView.m */,
				17123B621EB4379200C0C621 /* deviceRemote.h */,
				17123B631EB4379200C0C621 /* deviceRemote.m */,
				17123B6A1EB5612900C0C621 /* codes.h */,
				17123B6B1EB5612900C0C621 /* codes.m */,
				17123B351EB41D7E00C0C621 /* Assets.xcassets */,
				17123B371EB41D7E00C0C621 /* LaunchScreen.storyboard */,
				17123B3A1EB41D7E00C0C621 /* Info.plist */,
				17123B291EB41D7E00C0C621 /* Supporting Files */,
			);
			path = "Ultra Universal Remote";
			sourceTree = "<group>";
		};
		17123B291EB41D7E00C0C621 /* Supporting Files */ = {
			isa = PBXGroup;
			children = (
				17123B2A1EB41D7E00C0C621 /* main.m */,
			);
			name = "Supporting Files";
			sourceTree = "<group>";
		};
		17123B421EB41D7E00C0C621 /* Ultra Universal RemoteTests */ = {
			isa = PBXGroup;
			children = (
				17123B431EB41D7E00C0C621 /* Ultra_Universal_RemoteTests.m */,
				17123B451EB41D7E00C0C621 /* Info.plist */,
			);
			path = "Ultra Universal RemoteTests";
			sourceTree = "<group>";
		};
		17123B4D1EB41D7E00C0C621 /* Ultra Universal RemoteUITests */ = {
			isa = PBXGroup;
			children = (
				17123B4E1EB41D7E00C0C621 /* Ultra_Universal_RemoteUITests.m */,
				17123B501EB41D7E00C0C621 /* Info.plist */,
			);
			path = "Ultra Universal RemoteUITests";
			sourceTree = "<group>";
		};
		17123B5C1EB41DF700C0C621 /* Frameworks */ = {
			isa = PBXGroup;
			children = (
				17123B5D1EB41DF700C0C621 /* CoreBluetooth.framework */,
			);
			name = Frameworks;
			sourceTree = "<group>";
		};
		172C92B51EBBF32500B948DB /* Ultra Universal Remote Watch */ = {
			isa = PBXGroup;
			children = (
				172C92B61EBBF32500B948DB /* Interface.storyboard */,
				172C92B91EBBF32500B948DB /* Assets.xcassets */,
				172C92BB1EBBF32500B948DB /* Info.plist */,
			);
			path = "Ultra Universal Remote Watch";
			sourceTree = "<group>";
		};
		172C92C41EBBF32500B948DB /* Ultra Universal Remote Watch Extension */ = {
			isa = PBXGroup;
			children = (
				17DFB61A1EBE2E2A00C5F7D0 /* Ultra Universal Remote Watch Extension.entitlements */,
				17DFB61B1EBEAAD100C5F7D0 /* remoteController.h */,
				17DFB61C1EBEAAD100C5F7D0 /* remoteController.m */,
				179413831EBE1F3B00BE6F3B /* devicesRowController.h */,
				179413841EBE1F3B00BE6F3B /* devicesRowController.m */,
				172C92DE1EBBF46000B948DB /* devicesList.h */,
				172C92DF1EBBF46000B948DB /* devicesList.m */,
				172C92CA1EBBF32500B948DB /* ExtensionDelegate.h */,
				172C92CB1EBBF32500B948DB /* ExtensionDelegate.m */,
				172C92CD1EBBF32500B948DB /* NotificationController.h */,
				172C92CE1EBBF32500B948DB /* NotificationController.m */,
				172C92D01EBBF32500B948DB /* Assets.xcassets */,
				172C92D21EBBF32500B948DB /* Info.plist */,
				172C92C51EBBF32500B948DB /* Supporting Files */,
			);
			path = "Ultra Universal Remote Watch Extension";
			sourceTree = "<group>";
		};
		172C92C51EBBF32500B948DB /* Supporting Files */ = {
			isa = PBXGroup;
			children = (
				172C92C61EBBF32500B948DB /* PushNotificationPayload.apns */,
			);
			name = "Supporting Files";
			sourceTree = "<group>";
		};
/* End PBXGroup section */

/* Begin PBXNativeTarget section */
		17123B251EB41D7E00C0C621 /* Ultra Universal Remote */ = {
			isa = PBXNativeTarget;
			buildConfigurationList = 17123B531EB41D7E00C0C621 /* Build configuration list for PBXNativeTarget "Ultra Universal Remote" */;
			buildPhases = (
				17123B221EB41D7E00C0C621 /* Sources */,
				17123B231EB41D7E00C0C621 /* Frameworks */,
				17123B241EB41D7E00C0C621 /* Resources */,
				172C92DD1EBBF32500B948DB /* Embed Watch Content */,
			);
			buildRules = (
			);
			dependencies = (
				172C92D41EBBF32500B948DB /* PBXTargetDependency */,
			);
			name = "Ultra Universal Remote";
			productName = "Ultra Universal Remote";
			productReference = 17123B261EB41D7E00C0C621 /* Ultra Universal Remote.app */;
			productType = "com.apple.product-type.application";
		};
		17123B3E1EB41D7E00C0C621 /* Ultra Universal RemoteTests */ = {
			isa = PBXNativeTarget;
			buildConfigurationList = 17123B561EB41D7E00C0C621 /* Build configuration list for PBXNativeTarget "Ultra Universal RemoteTests" */;
			buildPhases = (
				17123B3B1EB41D7E00C0C621 /* Sources */,
				17123B3C1EB41D7E00C0C621 /* Frameworks */,
				17123B3D1EB41D7E00C0C621 /* Resources */,
			);
			buildRules = (
			);
			dependencies = (
				17123B411EB41D7E00C0C621 /* PBXTargetDependency */,
			);
			name = "Ultra Universal RemoteTests";
			productName = "Ultra Universal RemoteTests";
			productReference = 17123B3F1EB41D7E00C0C621 /* Ultra Universal RemoteTests.xctest */;
			productType = "com.apple.product-type.bundle.unit-test";
		};
		17123B491EB41D7E00C0C621 /* Ultra Universal RemoteUITests */ = {
			isa = PBXNativeTarget;
			buildConfigurationList = 17123B591EB41D7E00C0C621 /* Build configuration list for PBXNativeTarget "Ultra Universal RemoteUITests" */;
			buildPhases = (
				17123B461EB41D7E00C0C621 /* Sources */,
				17123B471EB41D7E00C0C621 /* Frameworks */,
				17123B481EB41D7E00C0C621 /* Resources */,
			);
			buildRules = (
			);
			dependencies = (
				17123B4C1EB41D7E00C0C621 /* PBXTargetDependency */,
			);
			name = "Ultra Universal RemoteUITests";
			productName = "Ultra Universal RemoteUITests";
			productReference = 17123B4A1EB41D7E00C0C621 /* Ultra Universal RemoteUITests.xctest */;
			productType = "com.apple.product-type.bundle.ui-testing";
		};
		172C92B31EBBF32500B948DB /* Ultra Universal Remote Watch */ = {
			isa = PBXNativeTarget;
			buildConfigurationList = 172C92DC1EBBF32500B948DB /* Build configuration list for PBXNativeTarget "Ultra Universal Remote Watch" */;
			buildPhases = (
				172C92B21EBBF32500B948DB /* Resources */,
				172C92DB1EBBF32500B948DB /* Embed App Extensions */,
			);
			buildRules = (
			);
			dependencies = (
				172C92C31EBBF32500B948DB /* PBXTargetDependency */,
			);
			name = "Ultra Universal Remote Watch";
			productName = "Ultra Universal Remote Watch";
			productReference = 172C92B41EBBF32500B948DB /* Ultra Universal Remote Watch.app */;
			productType = "com.apple.product-type.application.watchapp2";
		};
		172C92BF1EBBF32500B948DB /* Ultra Universal Remote Watch Extension */ = {
			isa = PBXNativeTarget;
			buildConfigurationList = 172C92DA1EBBF32500B948DB /* Build configuration list for PBXNativeTarget "Ultra Universal Remote Watch Extension" */;
			buildPhases = (
				172C92BC1EBBF32500B948DB /* Sources */,
				172C92BD1EBBF32500B948DB /* Frameworks */,
				172C92BE1EBBF32500B948DB /* Resources */,
			);
			buildRules = (
			);
			dependencies = (
			);
			name = "Ultra Universal Remote Watch Extension";
			productName = "Ultra Universal Remote Watch Extension";
			productReference = 172C92C01EBBF32500B948DB /* Ultra Universal Remote Watch Extension.appex */;
			productType = "com.apple.product-type.watchkit2-extension";
		};
/* End PBXNativeTarget section */

/* Begin PBXProject section */
		17123B1E1EB41D7E00C0C621 /* Project object */ = {
			isa = PBXProject;
			attributes = {
				LastUpgradeCheck = 0820;
				ORGANIZATIONNAME = "Danky Doodle";
				TargetAttributes = {
					17123B251EB41D7E00C0C621 = {
						CreatedOnToolsVersion = 8.2.1;
						DevelopmentTeam = RN7R2KXWS4;
						ProvisioningStyle = Automatic;
						SystemCapabilities = {
							com.apple.ApplicationGroups.iOS = {
								enabled = 1;
							};
						};
					};
					17123B3E1EB41D7E00C0C621 = {
						CreatedOnToolsVersion = 8.2.1;
						DevelopmentTeam = RN7R2KXWS4;
						ProvisioningStyle = Automatic;
						TestTargetID = 17123B251EB41D7E00C0C621;
					};
					17123B491EB41D7E00C0C621 = {
						CreatedOnToolsVersion = 8.2.1;
						DevelopmentTeam = RN7R2KXWS4;
						ProvisioningStyle = Automatic;
						TestTargetID = 17123B251EB41D7E00C0C621;
					};
					172C92B31EBBF32500B948DB = {
						CreatedOnToolsVersion = 8.2.1;
						DevelopmentTeam = RN7R2KXWS4;
						ProvisioningStyle = Automatic;
					};
					172C92BF1EBBF32500B948DB = {
						CreatedOnToolsVersion = 8.2.1;
						DevelopmentTeam = RN7R2KXWS4;
						ProvisioningStyle = Automatic;
						SystemCapabilities = {
							com.apple.ApplicationGroups.iOS = {
								enabled = 1;
							};
						};
					};
				};
			};
			buildConfigurationList = 17123B211EB41D7E00C0C621 /* Build configuration list for PBXProject "Ultra Universal Remote" */;
			compatibilityVersion = "Xcode 3.2";
			developmentRegion = English;
			hasScannedForEncodings = 0;
			knownRegions = (
				en,
				Base,
			);
			mainGroup = 17123B1D1EB41D7D00C0C621;
			productRefGroup = 17123B271EB41D7E00C0C621 /* Products */;
			projectDirPath = "";
			projectRoot = "";
			targets = (
				17123B251EB41D7E00C0C621 /* Ultra Universal Remote */,
				17123B3E1EB41D7E00C0C621 /* Ultra Universal RemoteTests */,
				17123B491EB41D7E00C0C621 /* Ultra Universal RemoteUITests */,
				172C92B31EBBF32500B948DB /* Ultra Universal Remote Watch */,
				172C92BF1EBBF32500B948DB /* Ultra Universal Remote Watch Extension */,
			);
		};
/* End PBXProject section */

/* Begin PBXResourcesBuildPhase section */
		17123B241EB41D7E00C0C621 /* Resources */ = {
			isa = PBXResourcesBuildPhase;
			buildActionMask = 2147483647;
			files = (
				17123B391EB41D7E00C0C621 /* LaunchScreen.storyboard in Resources */,
				17123B361EB41D7E00C0C621 /* Assets.xcassets in Resources */,
				17123B341EB41D7E00C0C621 /* Main.storyboard in Resources */,
			);
			runOnlyForDeploymentPostprocessing = 0;
		};
		17123B3D1EB41D7E00C0C621 /* Resources */ = {
			isa = PBXResourcesBuildPhase;
			buildActionMask = 2147483647;
			files = (
			);
			runOnlyForDeploymentPostprocessing = 0;
		};
		17123B481EB41D7E00C0C621 /* Resources */ = {
			isa = PBXResourcesBuildPhase;
			buildActionMask = 2147483647;
			files = (
			);
			runOnlyForDeploymentPostprocessing = 0;
		};
		172C92B21EBBF32500B948DB /* Resources */ = {
			isa = PBXResourcesBuildPhase;
			buildActionMask = 2147483647;
			files = (
				17F8AB461EBC27DA005DFFEF /* Interface.storyboard in Resources */,
				172C92BA1EBBF32500B948DB /* Assets.xcassets in Resources */,
			);
			runOnlyForDeploymentPostprocessing = 0;
		};
		172C92BE1EBBF32500B948DB /* Resources */ = {
			isa = PBXResourcesBuildPhase;
			buildActionMask = 2147483647;
			files = (
				172C92EA1EBC191400B948DB /* Interface.storyboard in Resources */,
				172C92D11EBBF32500B948DB /* Assets.xcassets in Resources */,
			);
			runOnlyForDeploymentPostprocessing = 0;
		};
/* End PBXResourcesBuildPhase section */

/* Begin PBXSourcesBuildPhase section */
		17123B221EB41D7E00C0C621 /* Sources */ = {
			isa = PBXSourcesBuildPhase;
			buildActionMask = 2147483647;
			files = (
				17123B2E1EB41D7E00C0C621 /* AppDelegate.m in Sources */,
				17123B641EB4379200C0C621 /* deviceRemote.m in Sources */,
				17123B2B1EB41D7E00C0C621 /* main.m in Sources */,
				172C92E01EBBF46000B948DB /* devicesList.m in Sources */,
				17123B6C1EB5612900C0C621 /* codes.m in Sources */,
				17123B611EB425C400C0C621 /* devicesTableView.m in Sources */,
			);
			runOnlyForDeploymentPostprocessing = 0;
		};
		17123B3B1EB41D7E00C0C621 /* Sources */ = {
			isa = PBXSourcesBuildPhase;
			buildActionMask = 2147483647;
			files = (
				17123B441EB41D7E00C0C621 /* Ultra_Universal_RemoteTests.m in Sources */,
			);
			runOnlyForDeploymentPostprocessing = 0;
		};
		17123B461EB41D7E00C0C621 /* Sources */ = {
			isa = PBXSourcesBuildPhase;
			buildActionMask = 2147483647;
			files = (
				17123B4F1EB41D7E00C0C621 /* Ultra_Universal_RemoteUITests.m in Sources */,
			);
			runOnlyForDeploymentPostprocessing = 0;
		};
		172C92BC1EBBF32500B948DB /* Sources */ = {
			isa = PBXSourcesBuildPhase;
			buildActionMask = 2147483647;
			files = (
				179413851EBE1F3B00BE6F3B /* devicesRowController.m in Sources */,
				17DFB61D1EBEAAD100C5F7D0 /* remoteController.m in Sources */,
				172C92E31EBC15D000B948DB /* devicesList.m in Sources */,
				172C92CC1EBBF32500B948DB /* ExtensionDelegate.m in Sources */,
				172C92CF1EBBF32500B948DB /* NotificationController.m in Sources */,
			);
			runOnlyForDeploymentPostprocessing = 0;
		};
/* End PBXSourcesBuildPhase section */

/* Begin PBXTargetDependency section */
		17123B411EB41D7E00C0C621 /* PBXTargetDependency */ = {
			isa = PBXTargetDependency;
			target = 17123B251EB41D7E00C0C621 /* Ultra Universal Remote */;
			targetProxy = 17123B401EB41D7E00C0C621 /* PBXContainerItemProxy */;
		};
		17123B4C1EB41D7E00C0C621 /* PBXTargetDependency */ = {
			isa = PBXTargetDependency;
			target = 17123B251EB41D7E00C0C621 /* Ultra Universal Remote */;
			targetProxy = 17123B4B1EB41D7E00C0C621 /* PBXContainerItemProxy */;
		};
		172C92C31EBBF32500B948DB /* PBXTargetDependency */ = {
			isa = PBXTargetDependency;
			target = 172C92BF1EBBF32500B948DB /* Ultra Universal Remote Watch Extension */;
			targetProxy = 172C92C21EBBF32500B948DB /* PBXContainerItemProxy */;
		};
		172C92D41EBBF32500B948DB /* PBXTargetDependency */ = {
			isa = PBXTargetDependency;
			target = 172C92B31EBBF32500B948DB /* Ultra Universal Remote Watch */;
			targetProxy = 172C92D31EBBF32500B948DB /* PBXContainerItemProxy */;
		};
/* End PBXTargetDependency section */

/* Begin PBXVariantGroup section */
		17123B321EB41D7E00C0C621 /* Main.storyboard */ = {
			isa = PBXVariantGroup;
			children = (
				17123B331EB41D7E00C0C621 /* Base */,
			);
			name = Main.storyboard;
			sourceTree = "<group>";
		};
		17123B371EB41D7E00C0C621 /* LaunchScreen.storyboard */ = {
			isa = PBXVariantGroup;
			children = (
				17123B381EB41D7E00C0C621 /* Base */,
			);
			name = LaunchScreen.storyboard;
			sourceTree = "<group>";
		};
		172C92B61EBBF32500B948DB /* Interface.storyboard */ = {
			isa = PBXVariantGroup;
			children = (
				172C92B71EBBF32500B948DB /* Base */,
			);
			name = Interface.storyboard;
			sourceTree = "<group>";
		};
/* End PBXVariantGroup section */

/* Begin XCBuildConfiguration section */
		17123B511EB41D7E00C0C621 /* Debug */ = {
			isa = XCBuildConfiguration;
			buildSettings = {
				ALWAYS_SEARCH_USER_PATHS = NO;
				CLANG_ANALYZER_NONNULL = YES;
				CLANG_CXX_LANGUAGE_STANDARD = "gnu++0x";
				CLANG_CXX_LIBRARY = "libc++";
				CLANG_ENABLE_MODULES = YES;
				CLANG_ENABLE_OBJC_ARC = YES;
				CLANG_WARN_BOOL_CONVERSION = YES;
				CLANG_WARN_CONSTANT_CONVERSION = YES;
				CLANG_WARN_DIRECT_OBJC_ISA_USAGE = YES_ERROR;
				CLANG_WARN_DOCUMENTATION_COMMENTS = YES;
				CLANG_WARN_EMPTY_BODY = YES;
				CLANG_WARN_ENUM_CONVERSION = YES;
				CLANG_WARN_INFINITE_RECURSION = YES;
				CLANG_WARN_INT_CONVERSION = YES;
				CLANG_WARN_OBJC_ROOT_CLASS = YES_ERROR;
				CLANG_WARN_SUSPICIOUS_MOVE = YES;
				CLANG_WARN_UNREACHABLE_CODE = YES;
				CLANG_WARN__DUPLICATE_METHOD_MATCH = YES;
				"CODE_SIGN_IDENTITY[sdk=iphoneos*]" = "iPhone Developer";
				COPY_PHASE_STRIP = NO;
				DEBUG_INFORMATION_FORMAT = dwarf;
				ENABLE_STRICT_OBJC_MSGSEND = YES;
				ENABLE_TESTABILITY = YES;
				GCC_C_LANGUAGE_STANDARD = gnu99;
				GCC_DYNAMIC_NO_PIC = NO;
				GCC_NO_COMMON_BLOCKS = YES;
				GCC_OPTIMIZATION_LEVEL = 0;
				GCC_PREPROCESSOR_DEFINITIONS = (
					"DEBUG=1",
					"$(inherited)",
				);
				GCC_WARN_64_TO_32_BIT_CONVERSION = YES;
				GCC_WARN_ABOUT_RETURN_TYPE = YES_ERROR;
				GCC_WARN_UNDECLARED_SELECTOR = YES;
				GCC_WARN_UNINITIALIZED_AUTOS = YES_AGGRESSIVE;
				GCC_WARN_UNUSED_FUNCTION = YES;
				GCC_WARN_UNUSED_VARIABLE = YES;
				IPHONEOS_DEPLOYMENT_TARGET = 10.2;
				MTL_ENABLE_DEBUG_INFO = YES;
				ONLY_ACTIVE_ARCH = YES;
				SDKROOT = iphoneos;
			};
			name = Debug;
		};
		17123B521EB41D7E00C0C621 /* Release */ = {
			isa = XCBuildConfiguration;
			buildSettings = {
				ALWAYS_SEARCH_USER_PATHS = NO;
				CLANG_ANALYZER_NONNULL = YES;
				CLANG_CXX_LANGUAGE_STANDARD = "gnu++0x";
				CLANG_CXX_LIBRARY = "libc++";
				CLANG_ENABLE_MODULES = YES;
				CLANG_ENABLE_OBJC_ARC = YES;
				CLANG_WARN_BOOL_CONVERSION = YES;
				CLANG_WARN_CONSTANT_CONVERSION = YES;
				CLANG_WARN_DIRECT_OBJC_ISA_USAGE = YES_ERROR;
				CLANG_WARN_DOCUMENTATION_COMMENTS = YES;
				CLANG_WARN_EMPTY_BODY = YES;
				CLANG_WARN_ENUM_CONVERSION = YES;
				CLANG_WARN_INFINITE_RECURSION = YES;
				CLANG_WARN_INT_CONVERSION = YES;
				CLANG_WARN_OBJC_ROOT_CLASS = YES_ERROR;
				CLANG_WARN_SUSPICIOUS_MOVE = YES;
				CLANG_WARN_UNREACHABLE_CODE = YES;
				CLANG_WARN__DUPLICATE_METHOD_MATCH = YES;
				"CODE_SIGN_IDENTITY[sdk=iphoneos*]" = "iPhone Developer";
				COPY_PHASE_STRIP = NO;
				DEBUG_INFORMATION_FORMAT = "dwarf-with-dsym";
				ENABLE_NS_ASSERTIONS = NO;
				ENABLE_STRICT_OBJC_MSGSEND = YES;
				GCC_C_LANGUAGE_STANDARD = gnu99;
				GCC_NO_COMMON_BLOCKS = YES;
				GCC_WARN_64_TO_32_BIT_CONVERSION = YES;
				GCC_WARN_ABOUT_RETURN_TYPE = YES_ERROR;
				GCC_WARN_UNDECLARED_SELECTOR = YES;
				GCC_WARN_UNINITIALIZED_AUTOS = YES_AGGRESSIVE;
				GCC_WARN_UNUSED_FUNCTION = YES;
				GCC_WARN_UNUSED_VARIABLE = YES;
				IPHONEOS_DEPLOYMENT_TARGET = 10.2;
				MTL_ENABLE_DEBUG_INFO = NO;
				SDKROOT = iphoneos;
				VALIDATE_PRODUCT = YES;
			};
			name = Release;
		};
		17123B541EB41D7E00C0C621 /* Debug */ = {
			isa = XCBuildConfiguration;
			buildSettings = {
				ASSETCATALOG_COMPILER_APPICON_NAME = AppIcon;
				CODE_SIGN_ENTITLEMENTS = "Ultra Universal Remote/Ultra Universal Remote.entitlements";
				DEVELOPMENT_TEAM = RN7R2KXWS4;
				INFOPLIST_FILE = "Ultra Universal Remote/Info.plist";
				LD_RUNPATH_SEARCH_PATHS = "$(inherited) @executable_path/Frameworks";
				PRODUCT_BUNDLE_IDENTIFIER = "com.UUR.Ultra-Universal-Remote";
				PRODUCT_NAME = "$(TARGET_NAME)";
			};
			name = Debug;
		};
		17123B551EB41D7E00C0C621 /* Release */ = {
			isa = XCBuildConfiguration;
			buildSettings = {
				ASSETCATALOG_COMPILER_APPICON_NAME = AppIcon;
				CODE_SIGN_ENTITLEMENTS = "Ultra Universal Remote/Ultra Universal Remote.entitlements";
				DEVELOPMENT_TEAM = RN7R2KXWS4;
				INFOPLIST_FILE = "Ultra Universal Remote/Info.plist";
				LD_RUNPATH_SEARCH_PATHS = "$(inherited) @executable_path/Frameworks";
				PRODUCT_BUNDLE_IDENTIFIER = "com.UUR.Ultra-Universal-Remote";
				PRODUCT_NAME = "$(TARGET_NAME)";
			};
			name = Release;
		};
		17123B571EB41D7E00C0C621 /* Debug */ = {
			isa = XCBuildConfiguration;
			buildSettings = {
				BUNDLE_LOADER = "$(TEST_HOST)";
				DEVELOPMENT_TEAM = RN7R2KXWS4;
				INFOPLIST_FILE = "Ultra Universal RemoteTests/Info.plist";
				LD_RUNPATH_SEARCH_PATHS = "$(inherited) @executable_path/Frameworks @loader_path/Frameworks";
				PRODUCT_BUNDLE_IDENTIFIER = "self.edu.Ultra-Universal-RemoteTests";
				PRODUCT_NAME = "$(TARGET_NAME)";
				TEST_HOST = "$(BUILT_PRODUCTS_DIR)/Ultra Universal Remote.app/Ultra Universal Remote";
			};
			name = Debug;
		};
		17123B581EB41D7E00C0C621 /* Release */ = {
			isa = XCBuildConfiguration;
			buildSettings = {
				BUNDLE_LOADER = "$(TEST_HOST)";
				DEVELOPMENT_TEAM = RN7R2KXWS4;
				INFOPLIST_FILE = "Ultra Universal RemoteTests/Info.plist";
				LD_RUNPATH_SEARCH_PATHS = "$(inherited) @executable_path/Frameworks @loader_path/Frameworks";
				PRODUCT_BUNDLE_IDENTIFIER = "self.edu.Ultra-Universal-RemoteTests";
				PRODUCT_NAME = "$(TARGET_NAME)";
				TEST_HOST = "$(BUILT_PRODUCTS_DIR)/Ultra Universal Remote.app/Ultra Universal Remote";
			};
			name = Release;
		};
		17123B5A1EB41D7E00C0C621 /* Debug */ = {
			isa = XCBuildConfiguration;
			buildSettings = {
				DEVELOPMENT_TEAM = RN7R2KXWS4;
				INFOPLIST_FILE = "Ultra Universal RemoteUITests/Info.plist";
				LD_RUNPATH_SEARCH_PATHS = "$(inherited) @executable_path/Frameworks @loader_path/Frameworks";
				PRODUCT_BUNDLE_IDENTIFIER = "self.edu.Ultra-Universal-RemoteUITests";
				PRODUCT_NAME = "$(TARGET_NAME)";
				TEST_TARGET_NAME = "Ultra Universal Remote";
			};
			name = Debug;
		};
		17123B5B1EB41D7E00C0C621 /* Release */ = {
			isa = XCBuildConfiguration;
			buildSettings = {
				DEVELOPMENT_TEAM = RN7R2KXWS4;
				INFOPLIST_FILE = "Ultra Universal RemoteUITests/Info.plist";
				LD_RUNPATH_SEARCH_PATHS = "$(inherited) @executable_path/Frameworks @loader_path/Frameworks";
				PRODUCT_BUNDLE_IDENTIFIER = "self.edu.Ultra-Universal-RemoteUITests";
				PRODUCT_NAME = "$(TARGET_NAME)";
				TEST_TARGET_NAME = "Ultra Universal Remote";
			};
			name = Release;
		};
		172C92D61EBBF32500B948DB /* Debug */ = {
			isa = XCBuildConfiguration;
			buildSettings = {
				ASSETCATALOG_COMPILER_APPICON_NAME = AppIcon;
				DEVELOPMENT_TEAM = RN7R2KXWS4;
				IBSC_MODULE = Ultra_Universal_Remote_Watch_Extension;
				INFOPLIST_FILE = "Ultra Universal Remote Watch/Info.plist";
				PRODUCT_BUNDLE_IDENTIFIER = "com.UUR.Ultra-Universal-Remote.watchkit";
				PRODUCT_NAME = "$(TARGET_NAME)";
				SDKROOT = watchos;
				SKIP_INSTALL = YES;
				TARGETED_DEVICE_FAMILY = 4;
				WATCHOS_DEPLOYMENT_TARGET = 3.1;
			};
			name = Debug;
		};
		172C92D71EBBF32500B948DB /* Release */ = {
			isa = XCBuildConfiguration;
			buildSettings = {
				ASSETCATALOG_COMPILER_APPICON_NAME = AppIcon;
				DEVELOPMENT_TEAM = RN7R2KXWS4;
				IBSC_MODULE = Ultra_Universal_Remote_Watch_Extension;
				INFOPLIST_FILE = "Ultra Universal Remote Watch/Info.plist";
				PRODUCT_BUNDLE_IDENTIFIER = "com.UUR.Ultra-Universal-Remote.watchkit";
				PRODUCT_NAME = "$(TARGET_NAME)";
				SDKROOT = watchos;
				SKIP_INSTALL = YES;
				TARGETED_DEVICE_FAMILY = 4;
				WATCHOS_DEPLOYMENT_TARGET = 3.1;
			};
			name = Release;
		};
		172C92D81EBBF32500B948DB /* Debug */ = {
			isa = XCBuildConfiguration;
			buildSettings = {
				ASSETCATALOG_COMPILER_COMPLICATION_NAME = Complication;
				CODE_SIGN_ENTITLEMENTS = "Ultra Universal Remote Watch Extension/Ultra Universal Remote Watch Extension.entitlements";
				DEVELOPMENT_TEAM = RN7R2KXWS4;
				INFOPLIST_FILE = "Ultra Universal Remote Watch Extension/Info.plist";
				LD_RUNPATH_SEARCH_PATHS = "$(inherited) @executable_path/Frameworks @executable_path/../../Frameworks";
				PRODUCT_BUNDLE_IDENTIFIER = "com.UUR.Ultra-Universal-Remote.watchkit.extension";
				PRODUCT_NAME = "${TARGET_NAME}";
				SDKROOT = watchos;
				SKIP_INSTALL = YES;
				TARGETED_DEVICE_FAMILY = 4;
				WATCHOS_DEPLOYMENT_TARGET = 3.1;
			};
			name = Debug;
		};
		172C92D91EBBF32500B948DB /* Release */ = {
			isa = XCBuildConfiguration;
			buildSettings = {
				ASSETCATALOG_COMPILER_COMPLICATION_NAME = Complication;
				CODE_SIGN_ENTITLEMENTS = "Ultra Universal Remote Watch Extension/Ultra Universal Remote Watch Extension.entitlements";
				DEVELOPMENT_TEAM = RN7R2KXWS4;
				INFOPLIST_FILE = "Ultra Universal Remote Watch Extension/Info.plist";
				LD_RUNPATH_SEARCH_PATHS = "$(inherited) @executable_path/Frameworks @executable_path/../../Frameworks";
				PRODUCT_BUNDLE_IDENTIFIER = "com.UUR.Ultra-Universal-Remote.watchkit.extension";
				PRODUCT_NAME = "${TARGET_NAME}";
				SDKROOT = watchos;
				SKIP_INSTALL = YES;
				TARGETED_DEVICE_FAMILY = 4;
				WATCHOS_DEPLOYMENT_TARGET = 3.1;
			};
			name = Release;
		};
/* End XCBuildConfiguration section */

/* Begin XCConfigurationList section */
		17123B211EB41D7E00C0C621 /* Build configuration list for PBXProject "Ultra Universal Remote" */ = {
			isa = XCConfigurationList;
			buildConfigurations = (
				17123B511EB41D7E00C0C621 /* Debug */,
				17123B521EB41D7E00C0C621 /* Release */,
			);
			defaultConfigurationIsVisible = 0;
			defaultConfigurationName = Release;
		};
		17123B531EB41D7E00C0C621 /* Build configuration list for PBXNativeTarget "Ultra Universal Remote" */ = {
			isa = XCConfigurationList;
			buildConfigurations = (
				17123B541EB41D7E00C0C621 /* Debug */,
				17123B551EB41D7E00C0C621 /* Release */,
			);
			defaultConfigurationIsVisible = 0;
			defaultConfigurationName = Release;
		};
		17123B561EB41D7E00C0C621 /* Build configuration list for PBXNativeTarget "Ultra Universal RemoteTests" */ = {
			isa = XCConfigurationList;
			buildConfigurations = (
				17123B571EB41D7E00C0C621 /* Debug */,
				17123B581EB41D7E00C0C621 /* Release */,
			);
			defaultConfigurationIsVisible = 0;
			defaultConfigurationName = Release;
		};
		17123B591EB41D7E00C0C621 /* Build configuration list for PBXNativeTarget "Ultra Universal RemoteUITests" */ = {
			isa = XCConfigurationList;
			buildConfigurations = (
				17123B5A1EB41D7E00C0C621 /* Debug */,
				17123B5B1EB41D7E00C0C621 /* Release */,
			);
			defaultConfigurationIsVisible = 0;
			defaultConfigurationName = Release;
		};
		172C92DA1EBBF32500B948DB /* Build configuration list for PBXNativeTarget "Ultra Universal Remote Watch Extension" */ = {
			isa = XCConfigurationList;
			buildConfigurations = (
				172C92D81EBBF32500B948DB /* Debug */,
				172C92D91EBBF32500B948DB /* Release */,
			);
			defaultConfigurationIsVisible = 0;
			defaultConfigurationName = Release;
		};
		172C92DC1EBBF32500B948DB /* Build configuration list for PBXNativeTarget "Ultra Universal Remote Watch" */ = {
			isa = XCConfigurationList;
			buildConfigurations = (
				172C92D61EBBF32500B948DB /* Debug */,
				172C92D71EBBF32500B948DB /* Release */,
			);
			defaultConfigurationIsVisible = 0;
			defaultConfigurationName = Release;
		};
/* End XCConfigurationList section */
	};
	rootObject = 17123B1E1EB41D7E00C0C621 /* Project object */;
}
